
Microsoft Visual Studio Solution File, Format Version 12.00
# Visual Studio 15
VisualStudioVersion = 15.0.27428.2002
MinimumVisualStudioVersion = 10.0.40219.1
Project("{888888A0-9F3D-457C-B088-3A5042F75D52}") = "registry", "registry\registry.pyproj", "{C3A4AD81-5AE4-454B-A9D2-F39FDDC98CE5}"
EndProject
Global
	GlobalSection(SolutionConfigurationPlatforms) = preSolution
		Debug|Any CPU = Debug|Any CPU
		Release|Any CPU = Release|Any CPU
	EndGlobalSection
	GlobalSection(ProjectConfigurationPlatforms) = postSolution
		{C3A4AD81-5AE4-454B-A9D2-F39FDDC98CE5}.Debug|Any CPU.ActiveCfg = Debug|Any CPU
		{C3A4AD81-5AE4-454B-A9D2-F39FDDC98CE5}.Release|Any CPU.ActiveCfg = Release|Any CPU
	EndGlobalSection
	GlobalSection(SolutionProperties) = preSolution
		HideSolutionNode = FALSE
	EndGlobalSection
	GlobalSection(ExtensibilityGlobals) = postSolution
		SolutionGuid = {59F34525-5B12-4086-853C-BA322976BC27}
	EndGlobalSection
EndGlobal
